
Microsoft Visual Studio Solution File, Format Version 12.00
# Visual Studio Version 17
VisualStudioVersion = 17.3.32811.315
MinimumVisualStudioVersion = 10.0.40219.1
Project("{FAE04EC0-301F-11D3-BF4B-00C04F79EFBC}") = "Recursion", "Recursion\Recursion.csproj", "{9E12882C-86E6-432A-8B30-AA301BFA7D3A}"
EndProject
Project("{FAE04EC0-301F-11D3-BF4B-00C04F79EFBC}") = "Recursion_2", "Recursion_2\Recursion_2.csproj", "{A722B15A-FF89-4D0E-97DB-0B2DAD5CCAFC}"
EndProject
Global
	GlobalSection(SolutionConfigurationPlatforms) = preSolution
		Debug|Any CPU = Debug|Any CPU
		Release|Any CPU = Release|Any CPU
	EndGlobalSection
	GlobalSection(ProjectConfigurationPlatforms) = postSolution
		{9E12882C-86E6-432A-8B30-AA301BFA7D3A}.Debug|Any CPU.ActiveCfg = Debug|Any CPU
		{9E12882C-86E6-432A-8B30-AA301BFA7D3A}.Debug|Any CPU.Build.0 = Debug|Any CPU
		{9E12882C-86E6-432A-8B30-AA301BFA7D3A}.Release|Any CPU.ActiveCfg = Release|Any CPU
		{9E12882C-86E6-432A-8B30-AA301BFA7D3A}.Release|Any CPU.Build.0 = Release|Any CPU
		{A722B15A-FF89-4D0E-97DB-0B2DAD5CCAFC}.Debug|Any CPU.ActiveCfg = Debug|Any CPU
		{A722B15A-FF89-4D0E-97DB-0B2DAD5CCAFC}.Debug|Any CPU.Build.0 = Debug|Any CPU
		{A722B15A-FF89-4D0E-97DB-0B2DAD5CCAFC}.Release|Any CPU.ActiveCfg = Release|Any CPU
		{A722B15A-FF89-4D0E-97DB-0B2DAD5CCAFC}.Release|Any CPU.Build.0 = Release|Any CPU
	EndGlobalSection
	GlobalSection(SolutionProperties) = preSolution
		HideSolutionNode = FALSE
	EndGlobalSection
	GlobalSection(ExtensibilityGlobals) = postSolution
		SolutionGuid = {2016E150-987E-46BA-9FC2-E120BEB108D5}
	EndGlobalSection
EndGlobal
