
Microsoft Visual Studio Solution File, Format Version 12.00
# Visual Studio Version 17
VisualStudioVersion = 17.3.32811.315
MinimumVisualStudioVersion = 10.0.40219.1
Project("{FAE04EC0-301F-11D3-BF4B-00C04F79EFBC}") = "writingFiles", "writingFiles\writingFiles.csproj", "{EF44E6BB-280D-464D-9BEB-665466E2E97B}"
EndProject
Global
	GlobalSection(SolutionConfigurationPlatforms) = preSolution
		Debug|Any CPU = Debug|Any CPU
		Release|Any CPU = Release|Any CPU
	EndGlobalSection
	GlobalSection(ProjectConfigurationPlatforms) = postSolution
		{EF44E6BB-280D-464D-9BEB-665466E2E97B}.Debug|Any CPU.ActiveCfg = Debug|Any CPU
		{EF44E6BB-280D-464D-9BEB-665466E2E97B}.Debug|Any CPU.Build.0 = Debug|Any CPU
		{EF44E6BB-280D-464D-9BEB-665466E2E97B}.Release|Any CPU.ActiveCfg = Release|Any CPU
		{EF44E6BB-280D-464D-9BEB-665466E2E97B}.Release|Any CPU.Build.0 = Release|Any CPU
	EndGlobalSection
	GlobalSection(SolutionProperties) = preSolution
		HideSolutionNode = FALSE
	EndGlobalSection
	GlobalSection(ExtensibilityGlobals) = postSolution
		SolutionGuid = {A6A45A4C-8815-477C-B1B6-4E838E33FFB5}
	EndGlobalSection
EndGlobal
