
Microsoft Visual Studio Solution File, Format Version 12.00
# Visual Studio Version 17
VisualStudioVersion = 17.3.32811.315
MinimumVisualStudioVersion = 10.0.40219.1
Project("{FAE04EC0-301F-11D3-BF4B-00C04F79EFBC}") = "isPalindrome", "isPalindrome\isPalindrome.csproj", "{3B341C26-C8CA-4C3E-B7A1-2789624E00A6}"
EndProject
Global
	GlobalSection(SolutionConfigurationPlatforms) = preSolution
		Debug|Any CPU = Debug|Any CPU
		Release|Any CPU = Release|Any CPU
	EndGlobalSection
	GlobalSection(ProjectConfigurationPlatforms) = postSolution
		{3B341C26-C8CA-4C3E-B7A1-2789624E00A6}.Debug|Any CPU.ActiveCfg = Debug|Any CPU
		{3B341C26-C8CA-4C3E-B7A1-2789624E00A6}.Debug|Any CPU.Build.0 = Debug|Any CPU
		{3B341C26-C8CA-4C3E-B7A1-2789624E00A6}.Release|Any CPU.ActiveCfg = Release|Any CPU
		{3B341C26-C8CA-4C3E-B7A1-2789624E00A6}.Release|Any CPU.Build.0 = Release|Any CPU
	EndGlobalSection
	GlobalSection(SolutionProperties) = preSolution
		HideSolutionNode = FALSE
	EndGlobalSection
	GlobalSection(ExtensibilityGlobals) = postSolution
		SolutionGuid = {C2505E19-AC21-4C30-AF16-F04C39EBED3F}
	EndGlobalSection
EndGlobal
