
Microsoft Visual Studio Solution File, Format Version 12.00
# Visual Studio Version 17
VisualStudioVersion = 17.3.32811.315
MinimumVisualStudioVersion = 10.0.40219.1
Project("{FAE04EC0-301F-11D3-BF4B-00C04F79EFBC}") = "arrayLists", "arrayLists\arrayLists.csproj", "{E73917E9-1012-4989-9B18-69FF9468A006}"
EndProject
Project("{FAE04EC0-301F-11D3-BF4B-00C04F79EFBC}") = "Activity9", "ConsoleApp1\Activity9.csproj", "{EE8C7455-7C52-4FB0-98CC-48517EE4DCE0}"
EndProject
Global
	GlobalSection(SolutionConfigurationPlatforms) = preSolution
		Debug|Any CPU = Debug|Any CPU
		Release|Any CPU = Release|Any CPU
	EndGlobalSection
	GlobalSection(ProjectConfigurationPlatforms) = postSolution
		{E73917E9-1012-4989-9B18-69FF9468A006}.Debug|Any CPU.ActiveCfg = Debug|Any CPU
		{E73917E9-1012-4989-9B18-69FF9468A006}.Debug|Any CPU.Build.0 = Debug|Any CPU
		{E73917E9-1012-4989-9B18-69FF9468A006}.Release|Any CPU.ActiveCfg = Release|Any CPU
		{E73917E9-1012-4989-9B18-69FF9468A006}.Release|Any CPU.Build.0 = Release|Any CPU
		{EE8C7455-7C52-4FB0-98CC-48517EE4DCE0}.Debug|Any CPU.ActiveCfg = Debug|Any CPU
		{EE8C7455-7C52-4FB0-98CC-48517EE4DCE0}.Debug|Any CPU.Build.0 = Debug|Any CPU
		{EE8C7455-7C52-4FB0-98CC-48517EE4DCE0}.Release|Any CPU.ActiveCfg = Release|Any CPU
		{EE8C7455-7C52-4FB0-98CC-48517EE4DCE0}.Release|Any CPU.Build.0 = Release|Any CPU
	EndGlobalSection
	GlobalSection(SolutionProperties) = preSolution
		HideSolutionNode = FALSE
	EndGlobalSection
	GlobalSection(ExtensibilityGlobals) = postSolution
		SolutionGuid = {4AA7539A-7C83-441D-81CE-44067361F0B7}
	EndGlobalSection
EndGlobal
